
Microsoft Visual Studio Solution File, Format Version 11.00
# Visual C# Express 2010
Project("{FAE04EC0-301F-11D3-BF4B-00C04F79EFBC}") = "Space Invaders - Vanessa Cordeiro", "Jogo - Space Invaders\Space Invaders - Vanessa Cordeiro.csproj", "{A184DF35-E976-47C0-85C2-D23C2CDEB932}"
EndProject
Global
	GlobalSection(SolutionConfigurationPlatforms) = preSolution
		Debug|x86 = Debug|x86
		Release|x86 = Release|x86
	EndGlobalSection
	GlobalSection(ProjectConfigurationPlatforms) = postSolution
		{A184DF35-E976-47C0-85C2-D23C2CDEB932}.Debug|x86.ActiveCfg = Debug|x86
		{A184DF35-E976-47C0-85C2-D23C2CDEB932}.Debug|x86.Build.0 = Debug|x86
		{A184DF35-E976-47C0-85C2-D23C2CDEB932}.Release|x86.ActiveCfg = Release|x86
		{A184DF35-E976-47C0-85C2-D23C2CDEB932}.Release|x86.Build.0 = Release|x86
	EndGlobalSection
	GlobalSection(SolutionProperties) = preSolution
		HideSolutionNode = FALSE
	EndGlobalSection
EndGlobal
